
Microsoft Visual Studio Solution File, Format Version 12.00
# Visual Studio Version 17
VisualStudioVersion = 17.0.31903.59
MinimumVisualStudioVersion = 10.0.40219.1
Project("{FAE04EC0-301F-11D3-BF4B-00C04F79EFBC}") = "API", "API\API.csproj", "{2381B0B8-B400-4FD3-AEAB-50E4B89C5C5B}"
EndProject
Project("{FAE04EC0-301F-11D3-BF4B-00C04F79EFBC}") = "Core", "Core\Core.csproj", "{16CE5B7B-5D0B-4C04-AD90-C04BE8EE3D96}"
EndProject
Project("{FAE04EC0-301F-11D3-BF4B-00C04F79EFBC}") = "Infrastructure", "Infrastructure\Infrastructure.csproj", "{7F807C06-F2FF-489B-91EF-5CEED6AA65E5}"
EndProject
Global
	GlobalSection(SolutionConfigurationPlatforms) = preSolution
		Debug|Any CPU = Debug|Any CPU
		Release|Any CPU = Release|Any CPU
	EndGlobalSection
	GlobalSection(SolutionProperties) = preSolution
		HideSolutionNode = FALSE
	EndGlobalSection
	GlobalSection(ProjectConfigurationPlatforms) = postSolution
		{2381B0B8-B400-4FD3-AEAB-50E4B89C5C5B}.Debug|Any CPU.ActiveCfg = Debug|Any CPU
		{2381B0B8-B400-4FD3-AEAB-50E4B89C5C5B}.Debug|Any CPU.Build.0 = Debug|Any CPU
		{2381B0B8-B400-4FD3-AEAB-50E4B89C5C5B}.Release|Any CPU.ActiveCfg = Release|Any CPU
		{2381B0B8-B400-4FD3-AEAB-50E4B89C5C5B}.Release|Any CPU.Build.0 = Release|Any CPU
		{16CE5B7B-5D0B-4C04-AD90-C04BE8EE3D96}.Debug|Any CPU.ActiveCfg = Debug|Any CPU
		{16CE5B7B-5D0B-4C04-AD90-C04BE8EE3D96}.Debug|Any CPU.Build.0 = Debug|Any CPU
		{16CE5B7B-5D0B-4C04-AD90-C04BE8EE3D96}.Release|Any CPU.ActiveCfg = Release|Any CPU
		{16CE5B7B-5D0B-4C04-AD90-C04BE8EE3D96}.Release|Any CPU.Build.0 = Release|Any CPU
		{7F807C06-F2FF-489B-91EF-5CEED6AA65E5}.Debug|Any CPU.ActiveCfg = Debug|Any CPU
		{7F807C06-F2FF-489B-91EF-5CEED6AA65E5}.Debug|Any CPU.Build.0 = Debug|Any CPU
		{7F807C06-F2FF-489B-91EF-5CEED6AA65E5}.Release|Any CPU.ActiveCfg = Release|Any CPU
		{7F807C06-F2FF-489B-91EF-5CEED6AA65E5}.Release|Any CPU.Build.0 = Release|Any CPU
	EndGlobalSection
EndGlobal
